// !$*UTF8*$!
{
	archiveVersion = 1;
	classes = {
	};
	objectVersion = 46;
	objects = {

/* Begin PBXBuildFile section */
		7289D3661337131500AA3D68 /* GAHelloWorld.m in Sources */ = {isa = PBXBuildFile; fileRef = 7289D3651337131500AA3D68 /* GAHelloWorld.m */; };
		7289D3691337143100AA3D68 /* GAChromosome.m in Sources */ = {isa = PBXBuildFile; fileRef = 7289D3681337143100AA3D68 /* GAChromosome.m */; };
		72A3E3141336F4C500C097E4 /* UIKit.framework in Frameworks */ = {isa = PBXBuildFile; fileRef = 72A3E3131336F4C500C097E4 /* UIKit.framework */; };
		72A3E3161336F4C500C097E4 /* Foundation.framework in Frameworks */ = {isa = PBXBuildFile; fileRef = 72A3E3151336F4C500C097E4 /* Foundation.framework */; };
		72A3E3181336F4C500C097E4 /* CoreGraphics.framework in Frameworks */ = {isa = PBXBuildFile; fileRef = 72A3E3171336F4C500C097E4 /* CoreGraphics.framework */; };
		72A3E31E1336F4C500C097E4 /* InfoPlist.strings in Resources */ = {isa = PBXBuildFile; fileRef = 72A3E31C1336F4C500C097E4 /* InfoPlist.strings */; };
		72A3E3211336F4C500C097E4 /* main.m in Sources */ = {isa = PBXBuildFile; fileRef = 72A3E3201336F4C500C097E4 /* main.m */; };
		72A3E3241336F4C500C097E4 /* HelloWorldAppDelegate.m in Sources */ = {isa = PBXBuildFile; fileRef = 72A3E3231336F4C500C097E4 /* HelloWorldAppDelegate.m */; };
		72A3E3271336F4C500C097E4 /* MainWindow.xib in Resources */ = {isa = PBXBuildFile; fileRef = 72A3E3251336F4C500C097E4 /* MainWindow.xib */; };
		72A3E32F1336F4F200C097E4 /* HelloWorldViewController.m in Sources */ = {isa = PBXBuildFile; fileRef = 72A3E32E1336F4F200C097E4 /* HelloWorldViewController.m */; };
/* End PBXBuildFile section */

/* Begin PBXFileReference section */
		7289D3641337131500AA3D68 /* GAHelloWorld.h */ = {isa = PBXFileReference; fileEncoding = 4; lastKnownFileType = sourcecode.c.h; name = GAHelloWorld.h; path = HelloWorld.xcodeproj/GAHelloWorld.h; sourceTree = SOURCE_ROOT; };
		7289D3651337131500AA3D68 /* GAHelloWorld.m */ = {isa = PBXFileReference; fileEncoding = 4; lastKnownFileType = sourcecode.c.objc; name = GAHelloWorld.m; path = HelloWorld.xcodeproj/GAHelloWorld.m; sourceTree = SOURCE_ROOT; };
		7289D3671337143100AA3D68 /* GAChromosome.h */ = {isa = PBXFileReference; fileEncoding = 4; lastKnownFileType = sourcecode.c.h; name = GAChromosome.h; path = HelloWorld.xcodeproj/GAChromosome.h; sourceTree = SOURCE_ROOT; };
		7289D3681337143100AA3D68 /* GAChromosome.m */ = {isa = PBXFileReference; fileEncoding = 4; lastKnownFileType = sourcecode.c.objc; name = GAChromosome.m; path = HelloWorld.xcodeproj/GAChromosome.m; sourceTree = SOURCE_ROOT; };
		72A3E30F1336F4C500C097E4 /* HelloWorld.app */ = {isa = PBXFileReference; explicitFileType = wrapper.application; includeInIndex = 0; path = HelloWorld.app; sourceTree = BUILT_PRODUCTS_DIR; };
		72A3E3131336F4C500C097E4 /* UIKit.framework */ = {isa = PBXFileReference; lastKnownFileType = wrapper.framework; name = UIKit.framework; path = System/Library/Frameworks/UIKit.framework; sourceTree = SDKROOT; };
		72A3E3151336F4C500C097E4 /* Foundation.framework */ = {isa = PBXFileReference; lastKnownFileType = wrapper.framework; name = Foundation.framework; path = System/Library/Frameworks/Foundation.framework; sourceTree = SDKROOT; };
		72A3E3171336F4C500C097E4 /* CoreGraphics.framework */ = {isa = PBXFileReference; lastKnownFileType = wrapper.framework; name = CoreGraphics.framework; path = System/Library/Frameworks/CoreGraphics.framework; sourceTree = SDKROOT; };
		72A3E31B1336F4C500C097E4 /* HelloWorld-Info.plist */ = {isa = PBXFileReference; lastKnownFileType = text.plist.xml; path = "HelloWorld-Info.plist"; sourceTree = "<group>"; };
		72A3E31D1336F4C500C097E4 /* en */ = {isa = PBXFileReference; lastKnownFileType = text.plist.strings; name = en; path = en.lproj/InfoPlist.strings; sourceTree = "<group>"; };
		72A3E31F1336F4C500C097E4 /* HelloWorld-Prefix.pch */ = {isa = PBXFileReference; lastKnownFileType = sourcecode.c.h; path = "HelloWorld-Prefix.pch"; sourceTree = "<group>"; };
		72A3E3201336F4C500C097E4 /* main.m */ = {isa = PBXFileReference; lastKnownFileType = sourcecode.c.objc; path = main.m; sourceTree = "<group>"; };
		72A3E3221336F4C500C097E4 /* HelloWorldAppDelegate.h */ = {isa = PBXFileReference; lastKnownFileType = sourcecode.c.h; path = HelloWorldAppDelegate.h; sourceTree = "<group>"; };
		72A3E3231336F4C500C097E4 /* HelloWorldAppDelegate.m */ = {isa = PBXFileReference; lastKnownFileType = sourcecode.c.objc; path = HelloWorldAppDelegate.m; sourceTree = "<group>"; };
		72A3E3261336F4C500C097E4 /* en */ = {isa = PBXFileReference; lastKnownFileType = file.xib; name = en; path = en.lproj/MainWindow.xib; sourceTree = "<group>"; };
		72A3E32D1336F4F200C097E4 /* HelloWorldViewController.h */ = {isa = PBXFileReference; fileEncoding = 4; lastKnownFileType = sourcecode.c.h; path = HelloWorldViewController.h; sourceTree = "<group>"; };
		72A3E32E1336F4F200C097E4 /* HelloWorldViewController.m */ = {isa = PBXFileReference; fileEncoding = 4; lastKnownFileType = sourcecode.c.objc; path = HelloWorldViewController.m; sourceTree = "<group>"; };
/* End PBXFileReference section */

/* Begin PBXFrameworksBuildPhase section */
		72A3E30C1336F4C500C097E4 /* Frameworks */ = {
			isa = PBXFrameworksBuildPhase;
			buildActionMask = 2147483647;
			files = (
				72A3E3141336F4C500C097E4 /* UIKit.framework in Frameworks */,
				72A3E3161336F4C500C097E4 /* Foundation.framework in Frameworks */,
				72A3E3181336F4C500C097E4 /* CoreGraphics.framework in Frameworks */,
			);
			runOnlyForDeploymentPostprocessing = 0;
		};
/* End PBXFrameworksBuildPhase section */

/* Begin PBXGroup section */
		72A3E3041336F4C500C097E4 = {
			isa = PBXGroup;
			children = (
				72A3E3191336F4C500C097E4 /* HelloWorld */,
				72A3E3121336F4C500C097E4 /* Frameworks */,
				72A3E3101336F4C500C097E4 /* Products */,
			);
			sourceTree = "<group>";
		};
		72A3E3101336F4C500C097E4 /* Products */ = {
			isa = PBXGroup;
			children = (
				72A3E30F1336F4C500C097E4 /* HelloWorld.app */,
			);
			name = Products;
			sourceTree = "<group>";
		};
		72A3E3121336F4C500C097E4 /* Frameworks */ = {
			isa = PBXGroup;
			children = (
				72A3E3131336F4C500C097E4 /* UIKit.framework */,
				72A3E3151336F4C500C097E4 /* Foundation.framework */,
				72A3E3171336F4C500C097E4 /* CoreGraphics.framework */,
			);
			name = Frameworks;
			sourceTree = "<group>";
		};
		72A3E3191336F4C500C097E4 /* HelloWorld */ = {
			isa = PBXGroup;
			children = (
				72A3E3221336F4C500C097E4 /* HelloWorldAppDelegate.h */,
				72A3E3231336F4C500C097E4 /* HelloWorldAppDelegate.m */,
				72A3E3251336F4C500C097E4 /* MainWindow.xib */,
				72A3E31A1336F4C500C097E4 /* Supporting Files */,
				72A3E32D1336F4F200C097E4 /* HelloWorldViewController.h */,
				72A3E32E1336F4F200C097E4 /* HelloWorldViewController.m */,
				7289D3641337131500AA3D68 /* GAHelloWorld.h */,
				7289D3651337131500AA3D68 /* GAHelloWorld.m */,
				7289D3671337143100AA3D68 /* GAChromosome.h */,
				7289D3681337143100AA3D68 /* GAChromosome.m */,
			);
			path = HelloWorld;
			sourceTree = "<group>";
		};
		72A3E31A1336F4C500C097E4 /* Supporting Files */ = {
			isa = PBXGroup;
			children = (
				72A3E31B1336F4C500C097E4 /* HelloWorld-Info.plist */,
				72A3E31C1336F4C500C097E4 /* InfoPlist.strings */,
				72A3E31F1336F4C500C097E4 /* HelloWorld-Prefix.pch */,
				72A3E3201336F4C500C097E4 /* main.m */,
			);
			name = "Supporting Files";
			sourceTree = "<group>";
		};
/* End PBXGroup section */

/* Begin PBXNativeTarget section */
		72A3E30E1336F4C500C097E4 /* HelloWorld */ = {
			isa = PBXNativeTarget;
			buildConfigurationList = 72A3E32A1336F4C500C097E4 /* Build configuration list for PBXNativeTarget "HelloWorld" */;
			buildPhases = (
				72A3E30B1336F4C500C097E4 /* Sources */,
				72A3E30C1336F4C500C097E4 /* Frameworks */,
				72A3E30D1336F4C500C097E4 /* Resources */,
			);
			buildRules = (
			);
			dependencies = (
			);
			name = HelloWorld;
			productName = HelloWorld;
			productReference = 72A3E30F1336F4C500C097E4 /* HelloWorld.app */;
			productType = "com.apple.product-type.application";
		};
/* End PBXNativeTarget section */

/* Begin PBXProject section */
		72A3E3061336F4C500C097E4 /* Project object */ = {
			isa = PBXProject;
			buildConfigurationList = 72A3E3091336F4C500C097E4 /* Build configuration list for PBXProject "HelloWorld" */;
			compatibilityVersion = "Xcode 3.2";
			developmentRegion = English;
			hasScannedForEncodings = 0;
			knownRegions = (
				en,
			);
			mainGroup = 72A3E3041336F4C500C097E4;
			productRefGroup = 72A3E3101336F4C500C097E4 /* Products */;
			projectDirPath = "";
			projectRoot = "";
			targets = (
				72A3E30E1336F4C500C097E4 /* HelloWorld */,
			);
		};
/* End PBXProject section */

/* Begin PBXResourcesBuildPhase section */
		72A3E30D1336F4C500C097E4 /* Resources */ = {
			isa = PBXResourcesBuildPhase;
			buildActionMask = 2147483647;
			files = (
				72A3E31E1336F4C500C097E4 /* InfoPlist.strings in Resources */,
				72A3E3271336F4C500C097E4 /* MainWindow.xib in Resources */,
			);
			runOnlyForDeploymentPostprocessing = 0;
		};
/* End PBXResourcesBuildPhase section */

/* Begin PBXSourcesBuildPhase section */
		72A3E30B1336F4C500C097E4 /* Sources */ = {
			isa = PBXSourcesBuildPhase;
			buildActionMask = 2147483647;
			files = (
				72A3E3211336F4C500C097E4 /* main.m in Sources */,
				72A3E3241336F4C500C097E4 /* HelloWorldAppDelegate.m in Sources */,
				72A3E32F1336F4F200C097E4 /* HelloWorldViewController.m in Sources */,
				7289D3661337131500AA3D68 /* GAHelloWorld.m in Sources */,
				7289D3691337143100AA3D68 /* GAChromosome.m in Sources */,
			);
			runOnlyForDeploymentPostprocessing = 0;
		};
/* End PBXSourcesBuildPhase section */

/* Begin PBXVariantGroup section */
		72A3E31C1336F4C500C097E4 /* InfoPlist.strings */ = {
			isa = PBXVariantGroup;
			children = (
				72A3E31D1336F4C500C097E4 /* en */,
			);
			name = InfoPlist.strings;
			sourceTree = "<group>";
		};
		72A3E3251336F4C500C097E4 /* MainWindow.xib */ = {
			isa = PBXVariantGroup;
			children = (
				72A3E3261336F4C500C097E4 /* en */,
			);
			name = MainWindow.xib;
			sourceTree = "<group>";
		};
/* End PBXVariantGroup section */

/* Begin XCBuildConfiguration section */
		72A3E3281336F4C500C097E4 /* Debug */ = {
			isa = XCBuildConfiguration;
			buildSettings = {
				ARCHS = "$(ARCHS_STANDARD_32_BIT)";
				"CODE_SIGN_IDENTITY[sdk=iphoneos*]" = "iPhone Developer";
				GCC_C_LANGUAGE_STANDARD = gnu99;
				GCC_OPTIMIZATION_LEVEL = 0;
				GCC_PREPROCESSOR_DEFINITIONS = DEBUG;
				GCC_SYMBOLS_PRIVATE_EXTERN = NO;
				GCC_VERSION = com.apple.compilers.llvmgcc42;
				GCC_WARN_ABOUT_RETURN_TYPE = YES;
				GCC_WARN_UNUSED_VARIABLE = YES;
				IPHONEOS_DEPLOYMENT_TARGET = 4.3;
				SDKROOT = iphoneos;
			};
			name = Debug;
		};
		72A3E3291336F4C500C097E4 /* Release */ = {
			isa = XCBuildConfiguration;
			buildSettings = {
				ARCHS = "$(ARCHS_STANDARD_32_BIT)";
				"CODE_SIGN_IDENTITY[sdk=iphoneos*]" = "iPhone Developer";
				GCC_C_LANGUAGE_STANDARD = gnu99;
				GCC_VERSION = com.apple.compilers.llvmgcc42;
				GCC_WARN_ABOUT_RETURN_TYPE = YES;
				GCC_WARN_UNUSED_VARIABLE = YES;
				IPHONEOS_DEPLOYMENT_TARGET = 4.3;
				OTHER_CFLAGS = "-DNS_BLOCK_ASSERTIONS=1";
				SDKROOT = iphoneos;
			};
			name = Release;
		};
		72A3E32B1336F4C500C097E4 /* Debug */ = {
			isa = XCBuildConfiguration;
			buildSettings = {
				ALWAYS_SEARCH_USER_PATHS = NO;
				COPY_PHASE_STRIP = NO;
				GCC_DYNAMIC_NO_PIC = NO;
				GCC_PRECOMPILE_PREFIX_HEADER = YES;
				GCC_PREFIX_HEADER = "HelloWorld/HelloWorld-Prefix.pch";
				INFOPLIST_FILE = "HelloWorld/HelloWorld-Info.plist";
				IPHONEOS_DEPLOYMENT_TARGET = 3.0;
				PRODUCT_NAME = "$(TARGET_NAME)";
				WRAPPER_EXTENSION = app;
			};
			name = Debug;
		};
		72A3E32C1336F4C500C097E4 /* Release */ = {
			isa = XCBuildConfiguration;
			buildSettings = {
				ALWAYS_SEARCH_USER_PATHS = NO;
				COPY_PHASE_STRIP = YES;
				GCC_PRECOMPILE_PREFIX_HEADER = YES;
				GCC_PREFIX_HEADER = "HelloWorld/HelloWorld-Prefix.pch";
				INFOPLIST_FILE = "HelloWorld/HelloWorld-Info.plist";
				IPHONEOS_DEPLOYMENT_TARGET = 3.0;
				PRODUCT_NAME = "$(TARGET_NAME)";
				VALIDATE_PRODUCT = YES;
				WRAPPER_EXTENSION = app;
			};
			name = Release;
		};
/* End XCBuildConfiguration section */

/* Begin XCConfigurationList section */
		72A3E3091336F4C500C097E4 /* Build configuration list for PBXProject "HelloWorld" */ = {
			isa = XCConfigurationList;
			buildConfigurations = (
				72A3E3281336F4C500C097E4 /* Debug */,
				72A3E3291336F4C500C097E4 /* Release */,
			);
			defaultConfigurationIsVisible = 0;
			defaultConfigurationName = Release;
		};
		72A3E32A1336F4C500C097E4 /* Build configuration list for PBXNativeTarget "HelloWorld" */ = {
			isa = XCConfigurationList;
			buildConfigurations = (
				72A3E32B1336F4C500C097E4 /* Debug */,
				72A3E32C1336F4C500C097E4 /* Release */,
			);
			defaultConfigurationIsVisible = 0;
			defaultConfigurationName = Release;
		};
/* End XCConfigurationList section */
	};
	rootObject = 72A3E3061336F4C500C097E4 /* Project object */;
}
